
Microsoft Visual Studio Solution File, Format Version 12.00
# Visual Studio 15
VisualStudioVersion = 15.0.28307.438
MinimumVisualStudioVersion = 10.0.40219.1
Project("{FAE04EC0-301F-11D3-BF4B-00C04F79EFBC}") = "euler", "euler\euler.csproj", "{D2B1184D-2729-43CB-83D3-0A03E968809E}"
EndProject
Global
	GlobalSection(SolutionConfigurationPlatforms) = preSolution
		Debug|Any CPU = Debug|Any CPU
		Release|Any CPU = Release|Any CPU
	EndGlobalSection
	GlobalSection(ProjectConfigurationPlatforms) = postSolution
		{D2B1184D-2729-43CB-83D3-0A03E968809E}.Debug|Any CPU.ActiveCfg = Debug|Any CPU
		{D2B1184D-2729-43CB-83D3-0A03E968809E}.Debug|Any CPU.Build.0 = Debug|Any CPU
		{D2B1184D-2729-43CB-83D3-0A03E968809E}.Release|Any CPU.ActiveCfg = Release|Any CPU
		{D2B1184D-2729-43CB-83D3-0A03E968809E}.Release|Any CPU.Build.0 = Release|Any CPU
	EndGlobalSection
	GlobalSection(SolutionProperties) = preSolution
		HideSolutionNode = FALSE
	EndGlobalSection
	GlobalSection(ExtensibilityGlobals) = postSolution
		SolutionGuid = {A5953E2D-9FEE-4813-A2BC-2F6117407A72}
	EndGlobalSection
EndGlobal
